{
  "version": 3,
  "targets": {
    "net8.0": {
      "Microsoft.Extensions.DependencyInjection.Abstractions/9.0.8": {
        "type": "package",
        "compile": {
          "lib/net8.0/Microsoft.Extensions.DependencyInjection.Abstractions.dll": {
            "related": ".xml"
          }
        },
        "runtime": {
          "lib/net8.0/Microsoft.Extensions.DependencyInjection.Abstractions.dll": {
            "related": ".xml"
          }
        },
        "build": {
          "buildTransitive/net8.0/_._": {}
        }
      },
      "APIStock.Core/1.0.0": {
        "type": "project",
        "framework": ".NETCoreApp,Version=v8.0",
        "dependencies": {
          "Microsoft.Extensions.DependencyInjection.Abstractions": "9.0.8"
        },
        "compile": {
          "bin/placeholder/APIStock.Core.dll": {}
        },
        "runtime": {
          "bin/placeholder/APIStock.Core.dll": {}
        }
      }
    }
  },
  "libraries": {
    "Microsoft.Extensions.DependencyInjection.Abstractions/9.0.8": {
      "sha512": "xY3lTjj4+ZYmiKIkyWitddrp1uL5uYiweQjqo4BKBw01ZC4HhcfgLghDpPZcUlppgWAFqFy9SgkiYWOMx365pw==",
      "type": "package",
      "path": "microsoft.extensions.dependencyinjection.abstractions/9.0.8",
      "files": [
        ".nupkg.metadata",
        ".signature.p7s",
        "Icon.png",
        "LICENSE.TXT",
        "PACKAGE.md",
        "THIRD-PARTY-NOTICES.TXT",
        "buildTransitive/net461/Microsoft.Extensions.DependencyInjection.Abstractions.targets",
        "buildTransitive/net462/_._",
        "buildTransitive/net8.0/_._",
        "buildTransitive/netcoreapp2.0/Microsoft.Extensions.DependencyInjection.Abstractions.targets",
        "lib/net462/Microsoft.Extensions.DependencyInjection.Abstractions.dll",
        "lib/net462/Microsoft.Extensions.DependencyInjection.Abstractions.xml",
        "lib/net8.0/Microsoft.Extensions.DependencyInjection.Abstractions.dll",
        "lib/net8.0/Microsoft.Extensions.DependencyInjection.Abstractions.xml",
        "lib/net9.0/Microsoft.Extensions.DependencyInjection.Abstractions.dll",
        "lib/net9.0/Microsoft.Extensions.DependencyInjection.Abstractions.xml",
        "lib/netstandard2.0/Microsoft.Extensions.DependencyInjection.Abstractions.dll",
        "lib/netstandard2.0/Microsoft.Extensions.DependencyInjection.Abstractions.xml",
        "lib/netstandard2.1/Microsoft.Extensions.DependencyInjection.Abstractions.dll",
        "lib/netstandard2.1/Microsoft.Extensions.DependencyInjection.Abstractions.xml",
        "microsoft.extensions.dependencyinjection.abstractions.9.0.8.nupkg.sha512",
        "microsoft.extensions.dependencyinjection.abstractions.nuspec",
        "useSharedDesignerContext.txt"
      ]
    },
    "APIStock.Core/1.0.0": {
      "type": "project",
      "path": "../APIStock.Core/APIStock.Core.csproj",
      "msbuildProject": "../APIStock.Core/APIStock.Core.csproj"
    }
  },
  "projectFileDependencyGroups": {
    "net8.0": [
      "APIStock.Core >= 1.0.0",
      "Microsoft.Extensions.DependencyInjection.Abstractions >= 9.0.8"
    ]
  },
  "packageFolders": {
    "C:\\Users\\MZAVALA\\.nuget\\packages\\": {},
    "C:\\Program Files (x86)\\Microsoft Visual Studio\\Shared\\NuGetPackages": {}
  },
  "project": {
    "version": "1.0.0",
    "restore": {
      "projectUniqueName": "C:\\Users\\MZAVALA\\source\\repos\\APIStock\\APIStock.Application\\APIStock.Application.csproj",
      "projectName": "APIStock.Application",
      "projectPath": "C:\\Users\\MZAVALA\\source\\repos\\APIStock\\APIStock.Application\\APIStock.Application.csproj",
      "packagesPath": "C:\\Users\\MZAVALA\\.nuget\\packages\\",
      "outputPath": "C:\\Users\\MZAVALA\\source\\repos\\APIStock\\APIStock.Application\\obj\\",
      "projectStyle": "PackageReference",
      "fallbackFolders": [
        "C:\\Program Files (x86)\\Microsoft Visual Studio\\Shared\\NuGetPackages"
      ],
      "configFilePaths": [
        "C:\\Users\\MZAVALA\\AppData\\Roaming\\NuGet\\NuGet.Config",
        "C:\\Program Files (x86)\\NuGet\\Config\\Microsoft.VisualStudio.FallbackLocation.config",
        "C:\\Program Files (x86)\\NuGet\\Config\\Microsoft.VisualStudio.Offline.config"
      ],
      "originalTargetFrameworks": [
        "net8.0"
      ],
      "sources": {
        "C:\\Program Files (x86)\\Microsoft SDKs\\NuGetPackages\\": {},
        "https://api.nuget.org/v3/index.json": {}
      },
      "frameworks": {
        "net8.0": {
          "targetAlias": "net8.0",
          "projectReferences": {
            "C:\\Users\\MZAVALA\\source\\repos\\APIStock\\APIStock.Core\\APIStock.Core.csproj": {
              "projectPath": "C:\\Users\\MZAVALA\\source\\repos\\APIStock\\APIStock.Core\\APIStock.Core.csproj"
            }
          }
        }
      },
      "warningProperties": {
        "warnAsError": [
          "NU1605"
        ]
      },
      "restoreAuditProperties": {
        "enableAudit": "true",
        "auditLevel": "low",
        "auditMode": "direct"
      },
      "SdkAnalysisLevel": "9.0.300"
    },
    "frameworks": {
      "net8.0": {
        "targetAlias": "net8.0",
        "dependencies": {
          "Microsoft.Extensions.DependencyInjection.Abstractions": {
            "target": "Package",
            "version": "[9.0.8, )"
          }
        },
        "imports": [
          "net461",
          "net462",
          "net47",
          "net471",
          "net472",
          "net48",
          "net481"
        ],
        "assetTargetFallback": true,
        "warn": true,
        "frameworkReferences": {
          "Microsoft.NETCore.App": {
            "privateAssets": "all"
          }
        },
        "runtimeIdentifierGraphPath": "C:\\Program Files\\dotnet\\sdk\\9.0.304/PortableRuntimeIdentifierGraph.json"
      }
    }
  }
}